
Microsoft Visual Studio Solution File, Format Version 12.00
# Visual Studio 14
VisualStudioVersion = 14.0.23107.0
MinimumVisualStudioVersion = 10.0.40219.1
Project("{FAE04EC0-301F-11D3-BF4B-00C04F79EFBC}") = "Calc", "Calc\Calc.csproj", "{0EBA541F-3E74-4F35-BFAC-36315F619652}"
EndProject
Project("{FAE04EC0-301F-11D3-BF4B-00C04F79EFBC}") = "Calc.Tests", "Calc.Tests\Calc.Tests.csproj", "{257E6F37-595E-459D-A0B7-4B50992B461C}"
EndProject
Global
	GlobalSection(SolutionConfigurationPlatforms) = preSolution
		Debug|Any CPU = Debug|Any CPU
		Release|Any CPU = Release|Any CPU
	EndGlobalSection
	GlobalSection(ProjectConfigurationPlatforms) = postSolution
		{0EBA541F-3E74-4F35-BFAC-36315F619652}.Debug|Any CPU.ActiveCfg = Debug|Any CPU
		{0EBA541F-3E74-4F35-BFAC-36315F619652}.Debug|Any CPU.Build.0 = Debug|Any CPU
		{0EBA541F-3E74-4F35-BFAC-36315F619652}.Release|Any CPU.ActiveCfg = Release|Any CPU
		{0EBA541F-3E74-4F35-BFAC-36315F619652}.Release|Any CPU.Build.0 = Release|Any CPU
		{257E6F37-595E-459D-A0B7-4B50992B461C}.Debug|Any CPU.ActiveCfg = Debug|Any CPU
		{257E6F37-595E-459D-A0B7-4B50992B461C}.Debug|Any CPU.Build.0 = Debug|Any CPU
		{257E6F37-595E-459D-A0B7-4B50992B461C}.Release|Any CPU.ActiveCfg = Release|Any CPU
		{257E6F37-595E-459D-A0B7-4B50992B461C}.Release|Any CPU.Build.0 = Release|Any CPU
	EndGlobalSection
	GlobalSection(SolutionProperties) = preSolution
		HideSolutionNode = FALSE
	EndGlobalSection
EndGlobal
