
Microsoft Visual Studio Solution File, Format Version 12.00
# Visual Studio 14
VisualStudioVersion = 14.0.23107.0
MinimumVisualStudioVersion = 10.0.40219.1
Project("{FAE04EC0-301F-11D3-BF4B-00C04F79EFBC}") = "Calculator", "Calculator\Calculator.csproj", "{0EBA541F-3E74-4F35-BFAC-36315F619652}"
EndProject
Project("{FAE04EC0-301F-11D3-BF4B-00C04F79EFBC}") = "Calculator.Tests", "Calculator.Tests\Calculator.Tests.csproj", "{759A4EA1-2871-4679-B16A-C32B051FFB36}"
EndProject
Global
	GlobalSection(SolutionConfigurationPlatforms) = preSolution
		Debug|Any CPU = Debug|Any CPU
		Release|Any CPU = Release|Any CPU
	EndGlobalSection
	GlobalSection(ProjectConfigurationPlatforms) = postSolution
		{0EBA541F-3E74-4F35-BFAC-36315F619652}.Debug|Any CPU.ActiveCfg = Debug|Any CPU
		{0EBA541F-3E74-4F35-BFAC-36315F619652}.Debug|Any CPU.Build.0 = Debug|Any CPU
		{0EBA541F-3E74-4F35-BFAC-36315F619652}.Release|Any CPU.ActiveCfg = Release|Any CPU
		{0EBA541F-3E74-4F35-BFAC-36315F619652}.Release|Any CPU.Build.0 = Release|Any CPU
		{759A4EA1-2871-4679-B16A-C32B051FFB36}.Debug|Any CPU.ActiveCfg = Debug|Any CPU
		{759A4EA1-2871-4679-B16A-C32B051FFB36}.Debug|Any CPU.Build.0 = Debug|Any CPU
		{759A4EA1-2871-4679-B16A-C32B051FFB36}.Release|Any CPU.ActiveCfg = Release|Any CPU
		{759A4EA1-2871-4679-B16A-C32B051FFB36}.Release|Any CPU.Build.0 = Release|Any CPU
	EndGlobalSection
	GlobalSection(SolutionProperties) = preSolution
		HideSolutionNode = FALSE
	EndGlobalSection
EndGlobal
